
Microsoft Visual Studio Solution File, Format Version 12.00
# Visual Studio 15
VisualStudioVersion = 15.0.28307.489
MinimumVisualStudioVersion = 10.0.40219.1
Project("{2150E333-8FDC-42A3-9474-1A3956D46DE8}") = "ServiceBus", "ServiceBus", "{BD635BEF-AD54-4D3D-A649-D0287F93C9A0}"
EndProject
Project("{FAE04EC0-301F-11D3-BF4B-00C04F79EFBC}") = "SB.Utils", "ServiceBus\SB.Utils\SB.Utils.csproj", "{4C0A0ADF-53DB-4D45-A4C0-3EE1878E4204}"
EndProject
Project("{FAE04EC0-301F-11D3-BF4B-00C04F79EFBC}") = "SB.Sender", "ServiceBus\SB.Sender\SB.Sender.csproj", "{3F5ECEEE-6FB2-40D5-B076-D111F990083A}"
EndProject
Project("{2150E333-8FDC-42A3-9474-1A3956D46DE8}") = "Common", "Common", "{23DD2C09-18A1-44A5-8A86-47F8A1C37527}"
EndProject
Project("{FAE04EC0-301F-11D3-BF4B-00C04F79EFBC}") = "Extensions", "Common\ConsoleExtensions\Extensions.csproj", "{F0CCF141-70CB-402B-A770-C79B11DB9C21}"
EndProject
Project("{FAE04EC0-301F-11D3-BF4B-00C04F79EFBC}") = "SB.Receiver", "ServiceBus\SB.Receiver\SB.Receiver.csproj", "{FAD622A4-71C7-4641-B7BD-3EC5D9523825}"
EndProject
Project("{FAE04EC0-301F-11D3-BF4B-00C04F79EFBC}") = "SB.Management", "ServiceBus\SB.Management\SB.Management.csproj", "{DACE5FA9-9F10-4FF4-BF99-C201C1F5E304}"
EndProject
Project("{2150E333-8FDC-42A3-9474-1A3956D46DE8}") = "Demos", "Demos", "{1D7A3FB6-12D8-4D8D-BD09-71CCC0BD1BFF}"
EndProject
Project("{FAE04EC0-301F-11D3-BF4B-00C04F79EFBC}") = "ChatGroupApp", "Demos\ChatGroupApp\ChatGroupApp.csproj", "{46C9E9C3-B1AD-4FC2-996F-BB6D05EBD0FC}"
EndProject
Global
	GlobalSection(SolutionConfigurationPlatforms) = preSolution
		Debug|Any CPU = Debug|Any CPU
		Release|Any CPU = Release|Any CPU
	EndGlobalSection
	GlobalSection(ProjectConfigurationPlatforms) = postSolution
		{4C0A0ADF-53DB-4D45-A4C0-3EE1878E4204}.Debug|Any CPU.ActiveCfg = Debug|Any CPU
		{4C0A0ADF-53DB-4D45-A4C0-3EE1878E4204}.Debug|Any CPU.Build.0 = Debug|Any CPU
		{4C0A0ADF-53DB-4D45-A4C0-3EE1878E4204}.Release|Any CPU.ActiveCfg = Release|Any CPU
		{4C0A0ADF-53DB-4D45-A4C0-3EE1878E4204}.Release|Any CPU.Build.0 = Release|Any CPU
		{3F5ECEEE-6FB2-40D5-B076-D111F990083A}.Debug|Any CPU.ActiveCfg = Debug|Any CPU
		{3F5ECEEE-6FB2-40D5-B076-D111F990083A}.Debug|Any CPU.Build.0 = Debug|Any CPU
		{3F5ECEEE-6FB2-40D5-B076-D111F990083A}.Release|Any CPU.ActiveCfg = Release|Any CPU
		{3F5ECEEE-6FB2-40D5-B076-D111F990083A}.Release|Any CPU.Build.0 = Release|Any CPU
		{F0CCF141-70CB-402B-A770-C79B11DB9C21}.Debug|Any CPU.ActiveCfg = Debug|Any CPU
		{F0CCF141-70CB-402B-A770-C79B11DB9C21}.Debug|Any CPU.Build.0 = Debug|Any CPU
		{F0CCF141-70CB-402B-A770-C79B11DB9C21}.Release|Any CPU.ActiveCfg = Release|Any CPU
		{F0CCF141-70CB-402B-A770-C79B11DB9C21}.Release|Any CPU.Build.0 = Release|Any CPU
		{FAD622A4-71C7-4641-B7BD-3EC5D9523825}.Debug|Any CPU.ActiveCfg = Debug|Any CPU
		{FAD622A4-71C7-4641-B7BD-3EC5D9523825}.Debug|Any CPU.Build.0 = Debug|Any CPU
		{FAD622A4-71C7-4641-B7BD-3EC5D9523825}.Release|Any CPU.ActiveCfg = Release|Any CPU
		{FAD622A4-71C7-4641-B7BD-3EC5D9523825}.Release|Any CPU.Build.0 = Release|Any CPU
		{DACE5FA9-9F10-4FF4-BF99-C201C1F5E304}.Debug|Any CPU.ActiveCfg = Debug|Any CPU
		{DACE5FA9-9F10-4FF4-BF99-C201C1F5E304}.Debug|Any CPU.Build.0 = Debug|Any CPU
		{DACE5FA9-9F10-4FF4-BF99-C201C1F5E304}.Release|Any CPU.ActiveCfg = Release|Any CPU
		{DACE5FA9-9F10-4FF4-BF99-C201C1F5E304}.Release|Any CPU.Build.0 = Release|Any CPU
		{46C9E9C3-B1AD-4FC2-996F-BB6D05EBD0FC}.Debug|Any CPU.ActiveCfg = Debug|Any CPU
		{46C9E9C3-B1AD-4FC2-996F-BB6D05EBD0FC}.Debug|Any CPU.Build.0 = Debug|Any CPU
		{46C9E9C3-B1AD-4FC2-996F-BB6D05EBD0FC}.Release|Any CPU.ActiveCfg = Release|Any CPU
		{46C9E9C3-B1AD-4FC2-996F-BB6D05EBD0FC}.Release|Any CPU.Build.0 = Release|Any CPU
	EndGlobalSection
	GlobalSection(SolutionProperties) = preSolution
		HideSolutionNode = FALSE
	EndGlobalSection
	GlobalSection(NestedProjects) = preSolution
		{4C0A0ADF-53DB-4D45-A4C0-3EE1878E4204} = {23DD2C09-18A1-44A5-8A86-47F8A1C37527}
		{3F5ECEEE-6FB2-40D5-B076-D111F990083A} = {BD635BEF-AD54-4D3D-A649-D0287F93C9A0}
		{F0CCF141-70CB-402B-A770-C79B11DB9C21} = {23DD2C09-18A1-44A5-8A86-47F8A1C37527}
		{FAD622A4-71C7-4641-B7BD-3EC5D9523825} = {BD635BEF-AD54-4D3D-A649-D0287F93C9A0}
		{DACE5FA9-9F10-4FF4-BF99-C201C1F5E304} = {BD635BEF-AD54-4D3D-A649-D0287F93C9A0}
		{46C9E9C3-B1AD-4FC2-996F-BB6D05EBD0FC} = {1D7A3FB6-12D8-4D8D-BD09-71CCC0BD1BFF}
	EndGlobalSection
	GlobalSection(ExtensibilityGlobals) = postSolution
		SolutionGuid = {5280A286-3ACC-4DB0-8FFE-0B9191F30D6F}
	EndGlobalSection
EndGlobal
